<?xml version="1.0" encoding="utf-8"?>
<Project ToolsVersion="4.0" xmlns="http://schemas.microsoft.com/developer/msbuild/2003">
  <ItemGroup>
    <Filter Include="Source Files">
      <UniqueIdentifier>{4FC737F1-C7A5-4376-A066-2A32D752A2FF}</UniqueIdentifier>
      <Extensions>cpp;c;cc;cxx;def;odl;idl;hpj;bat;asm;asmx</Extensions>
    </Filter>
    <Filter Include="Header Files">
      <UniqueIdentifier>{93995380-89BD-4b04-88EB-625FBE52EBFB}</UniqueIdentifier>
      <Extensions>h;hh;hpp;hxx;hm;inl;inc;ipp;xsd</Extensions>
    </Filter>
    <Filter Include="Resource Files">
      <UniqueIdentifier>{67DA6AB6-F800-4c08-8B7A-83BB121AAD01}</UniqueIdentifier>
      <Extensions>rc;ico;cur;bmp;dlg;rc2;rct;bin;rgs;gif;jpg;jpeg;jpe;resx;tiff;tif;png;wav;mfcribbon-ms</Extensions>
    </Filter>
  </ItemGroup>
  <ItemGroup>
    <ClCompile Include="src\Q.cpp">
      <Filter>Source Files</Filter>
    </ClCompile>
    <ClCompile Include="src\output_basic.cpp">
      <Filter>Source Files</Filter>
    </ClCompile>
    <ClCompile Include="src\output.cpp">
      <Filter>Source Files</Filter>
    </ClCompile>
    <ClCompile Include="src\main.cpp">
      <Filter>Source Files</Filter>
    </ClCompile>
    <ClCompile Include="src\list.cpp">
      <Filter>Source Files</Filter>
    </ClCompile>
    <ClCompile Include="src\input.cpp">
      <Filter>Source Files</Filter>
    </ClCompile>
    <ClCompile Include="src\file.cpp">
      <Filter>Source Files</Filter>
    </ClCompile>
    <ClCompile Include="src\exception.cpp">
      <Filter>Source Files</Filter>
    </ClCompile>
    <ClCompile Include="src\cstring.cpp">
      <Filter>Source Files</Filter>
    </ClCompile>
    <ClCompile Include="src\complex.cpp">
      <Filter>Source Files</Filter>
    </ClCompile>
    <ClCompile Include="src\bit.cpp">
      <Filter>Source Files</Filter>
    </ClCompile>
  </ItemGroup>
  <ItemGroup>
    <ClInclude Include="src\accumulate.hpp">
      <Filter>Header Files</Filter>
    </ClInclude>
    <ClInclude Include="src\add_const.hpp">
      <Filter>Header Files</Filter>
    </ClInclude>
    <ClInclude Include="src\add_cv.hpp">
      <Filter>Header Files</Filter>
    </ClInclude>
    <ClInclude Include="src\add_volatile.hpp">
      <Filter>Header Files</Filter>
    </ClInclude>
    <ClInclude Include="src\adjacent_find.hpp">
      <Filter>Header Files</Filter>
    </ClInclude>
    <ClInclude Include="src\all_of.hpp">
      <Filter>Header Files</Filter>
    </ClInclude>
    <ClInclude Include="src\almost.hpp">
      <Filter>Header Files</Filter>
    </ClInclude>
    <ClInclude Include="src\any_of.hpp">
      <Filter>Header Files</Filter>
    </ClInclude>
    <ClInclude Include="src\arithmetic.hpp">
      <Filter>Header Files</Filter>
    </ClInclude>
    <ClInclude Include="src\array.hpp">
      <Filter>Header Files</Filter>
    </ClInclude>
    <ClInclude Include="src\ary_tree.hpp">
      <Filter>Header Files</Filter>
    </ClInclude>
    <ClInclude Include="src\assignable.hpp">
      <Filter>Header Files</Filter>
    </ClInclude>
    <ClInclude Include="src\base_type.hpp">
      <Filter>Header Files</Filter>
    </ClInclude>
    <ClInclude Include="src\begin_end.hpp">
      <Filter>Header Files</Filter>
    </ClInclude>
    <ClInclude Include="src\big_int.hpp">
      <Filter>Header Files</Filter>
    </ClInclude>
    <ClInclude Include="src\bim.hpp">
      <Filter>Header Files</Filter>
    </ClInclude>
    <ClInclude Include="src\bit.hpp">
      <Filter>Header Files</Filter>
    </ClInclude>
    <ClInclude Include="src\block.hpp">
      <Filter>Header Files</Filter>
    </ClInclude>
    <ClInclude Include="src\bool_t.hpp">
      <Filter>Header Files</Filter>
    </ClInclude>
    <ClInclude Include="src\Btree.hpp">
      <Filter>Header Files</Filter>
    </ClInclude>
    <ClInclude Include="src\callable.hpp">
      <Filter>Header Files</Filter>
    </ClInclude>
    <ClInclude Include="src\circular_list.hpp">
      <Filter>Header Files</Filter>
    </ClInclude>
    <ClInclude Include="src\compare.hpp">
      <Filter>Header Files</Filter>
    </ClInclude>
    <ClInclude Include="src\complex.hpp">
      <Filter>Header Files</Filter>
    </ClInclude>
    <ClInclude Include="src\concepts.hpp">
      <Filter>Header Files</Filter>
    </ClInclude>
    <ClInclude Include="src\conditional.hpp">
      <Filter>Header Files</Filter>
    </ClInclude>
    <ClInclude Include="src\constexpr_t.hpp">
      <Filter>Header Files</Filter>
    </ClInclude>
    <ClInclude Include="src\construct.hpp">
      <Filter>Header Files</Filter>
    </ClInclude>
    <ClInclude Include="src\constructible.hpp">
      <Filter>Header Files</Filter>
    </ClInclude>
    <ClInclude Include="src\container.hpp">
      <Filter>Header Files</Filter>
    </ClInclude>
    <ClInclude Include="src\contains.hpp">
      <Filter>Header Files</Filter>
    </ClInclude>
    <ClInclude Include="src\convertible.hpp">
      <Filter>Header Files</Filter>
    </ClInclude>
    <ClInclude Include="src\copy.hpp">
      <Filter>Header Files</Filter>
    </ClInclude>
    <ClInclude Include="src\copy_backward.hpp">
      <Filter>Header Files</Filter>
    </ClInclude>
    <ClInclude Include="src\copy_backward_if.hpp">
      <Filter>Header Files</Filter>
    </ClInclude>
    <ClInclude Include="src\copy_backward_n.hpp">
      <Filter>Header Files</Filter>
    </ClInclude>
    <ClInclude Include="src\copy_backward_n_if.hpp">
      <Filter>Header Files</Filter>
    </ClInclude>
    <ClInclude Include="src\copy_if.hpp">
      <Filter>Header Files</Filter>
    </ClInclude>
    <ClInclude Include="src\copy_n.hpp">
      <Filter>Header Files</Filter>
    </ClInclude>
    <ClInclude Include="src\copy_n_if.hpp">
      <Filter>Header Files</Filter>
    </ClInclude>
    <ClInclude Include="src\copyable.hpp">
      <Filter>Header Files</Filter>
    </ClInclude>
    <ClInclude Include="src\count.hpp">
      <Filter>Header Files</Filter>
    </ClInclude>
    <ClInclude Include="src\count_if.hpp">
      <Filter>Header Files</Filter>
    </ClInclude>
    <ClInclude Include="src\cstring.hpp">
      <Filter>Header Files</Filter>
    </ClInclude>
    <ClInclude Include="src\decay.hpp">
      <Filter>Header Files</Filter>
    </ClInclude>
    <ClInclude Include="src\declval.hpp">
      <Filter>Header Files</Filter>
    </ClInclude>
    <ClInclude Include="src\decrementable.hpp">
      <Filter>Header Files</Filter>
    </ClInclude>
    <ClInclude Include="src\destroy.hpp">
      <Filter>Header Files</Filter>
    </ClInclude>
    <ClInclude Include="src\destroy_at.hpp">
      <Filter>Header Files</Filter>
    </ClInclude>
    <ClInclude Include="src\destroy_n.hpp">
      <Filter>Header Files</Filter>
    </ClInclude>
    <ClInclude Include="src\distance.hpp">
      <Filter>Header Files</Filter>
    </ClInclude>
    <ClInclude Include="src\enable_if.hpp">
      <Filter>Header Files</Filter>
    </ClInclude>
    <ClInclude Include="src\endian.hpp">
      <Filter>Header Files</Filter>
    </ClInclude>
    <ClInclude Include="src\equal.hpp">
      <Filter>Header Files</Filter>
    </ClInclude>
    <ClInclude Include="src\equal_n.hpp">
      <Filter>Header Files</Filter>
    </ClInclude>
    <ClInclude Include="src\equatable.hpp">
      <Filter>Header Files</Filter>
    </ClInclude>
    <ClInclude Include="src\exception.hpp">
      <Filter>Header Files</Filter>
    </ClInclude>
    <ClInclude Include="src\extent.hpp">
      <Filter>Header Files</Filter>
    </ClInclude>
    <ClInclude Include="src\file.hpp">
      <Filter>Header Files</Filter>
    </ClInclude>
    <ClInclude Include="src\fill.hpp">
      <Filter>Header Files</Filter>
    </ClInclude>
    <ClInclude Include="src\fill_n.hpp">
      <Filter>Header Files</Filter>
    </ClInclude>
    <ClInclude Include="src\find.hpp">
      <Filter>Header Files</Filter>
    </ClInclude>
    <ClInclude Include="src\find_first_of.hpp">
      <Filter>Header Files</Filter>
    </ClInclude>
    <ClInclude Include="src\find_if.hpp">
      <Filter>Header Files</Filter>
    </ClInclude>
    <ClInclude Include="src\find_if_not.hpp">
      <Filter>Header Files</Filter>
    </ClInclude>
    <ClInclude Include="src\find_sub.hpp">
      <Filter>Header Files</Filter>
    </ClInclude>
    <ClInclude Include="src\fit_count.hpp">
      <Filter>Header Files</Filter>
    </ClInclude>
    <ClInclude Include="src\floating.hpp">
      <Filter>Header Files</Filter>
    </ClInclude>
    <ClInclude Include="src\floor.hpp">
      <Filter>Header Files</Filter>
    </ClInclude>
    <ClInclude Include="src\for_each.hpp">
      <Filter>Header Files</Filter>
    </ClInclude>
    <ClInclude Include="src\for_each_n.hpp">
      <Filter>Header Files</Filter>
    </ClInclude>
    <ClInclude Include="src\forward.hpp">
      <Filter>Header Files</Filter>
    </ClInclude>
    <ClInclude Include="src\forward_list.hpp">
      <Filter>Header Files</Filter>
    </ClInclude>
    <ClInclude Include="src\fundamental.hpp">
      <Filter>Header Files</Filter>
    </ClInclude>
    <ClInclude Include="src\generate.hpp">
      <Filter>Header Files</Filter>
    </ClInclude>
    <ClInclude Include="src\generate_n.hpp">
      <Filter>Header Files</Filter>
    </ClInclude>
    <ClInclude Include="src\get_address.hpp">
      <Filter>Header Files</Filter>
    </ClInclude>
    <ClInclude Include="src\get_iterator.hpp">
      <Filter>Header Files</Filter>
    </ClInclude>
    <ClInclude Include="src\graph.hpp">
      <Filter>Header Files</Filter>
    </ClInclude>
    <ClInclude Include="src\in_bounds.hpp">
      <Filter>Header Files</Filter>
    </ClInclude>
    <ClInclude Include="src\incrementable.hpp">
      <Filter>Header Files</Filter>
    </ClInclude>
    <ClInclude Include="src\input.hpp">
      <Filter>Header Files</Filter>
    </ClInclude>
    <ClInclude Include="src\int.hpp">
      <Filter>Header Files</Filter>
    </ClInclude>
    <ClInclude Include="src\integral.hpp">
      <Filter>Header Files</Filter>
    </ClInclude>
    <ClInclude Include="src\integral_signed.hpp">
      <Filter>Header Files</Filter>
    </ClInclude>
    <ClInclude Include="src\integral_unsigned.hpp">
      <Filter>Header Files</Filter>
    </ClInclude>
    <ClInclude Include="src\iota.hpp">
      <Filter>Header Files</Filter>
    </ClInclude>
    <ClInclude Include="src\iota_n.hpp">
      <Filter>Header Files</Filter>
    </ClInclude>
    <ClInclude Include="src\is_arithmetic.hpp">
      <Filter>Header Files</Filter>
    </ClInclude>
    <ClInclude Include="src\is_array.hpp">
      <Filter>Header Files</Filter>
    </ClInclude>
    <ClInclude Include="src\is_assignable.hpp">
      <Filter>Header Files</Filter>
    </ClInclude>
    <ClInclude Include="src\is_callable.hpp">
      <Filter>Header Files</Filter>
    </ClInclude>
    <ClInclude Include="src\is_comparable.hpp">
      <Filter>Header Files</Filter>
    </ClInclude>
    <ClInclude Include="src\is_constructible.hpp">
      <Filter>Header Files</Filter>
    </ClInclude>
    <ClInclude Include="src\is_container.hpp">
      <Filter>Header Files</Filter>
    </ClInclude>
    <ClInclude Include="src\is_convertible.hpp">
      <Filter>Header Files</Filter>
    </ClInclude>
    <ClInclude Include="src\is_even.hpp">
      <Filter>Header Files</Filter>
    </ClInclude>
    <ClInclude Include="src\is_float.hpp">
      <Filter>Header Files</Filter>
    </ClInclude>
    <ClInclude Include="src\is_function.hpp">
      <Filter>Header Files</Filter>
    </ClInclude>
    <ClInclude Include="src\is_integral.hpp">
      <Filter>Header Files</Filter>
    </ClInclude>
    <ClInclude Include="src\is_integral_signed.hpp">
      <Filter>Header Files</Filter>
    </ClInclude>
    <ClInclude Include="src\is_integral_unsigned.hpp">
      <Filter>Header Files</Filter>
    </ClInclude>
    <ClInclude Include="src\is_iterator.hpp">
      <Filter>Header Files</Filter>
    </ClInclude>
    <ClInclude Include="src\is_iterator_bi.hpp">
      <Filter>Header Files</Filter>
    </ClInclude>
    <ClInclude Include="src\is_iterator_ra.hpp">
      <Filter>Header Files</Filter>
    </ClInclude>
    <ClInclude Include="src\is_nullptr_t.h">
      <Filter>Header Files</Filter>
    </ClInclude>
    <ClInclude Include="src\is_pointer.hpp">
      <Filter>Header Files</Filter>
    </ClInclude>
    <ClInclude Include="src\is_printable.hpp">
      <Filter>Header Files</Filter>
    </ClInclude>
    <ClInclude Include="src\is_reference.hpp">
      <Filter>Header Files</Filter>
    </ClInclude>
    <ClInclude Include="src\is_reference_lvalue.hpp">
      <Filter>Header Files</Filter>
    </ClInclude>
    <ClInclude Include="src\is_reference_rvalue.hpp">
      <Filter>Header Files</Filter>
    </ClInclude>
    <ClInclude Include="src\is_same.hpp">
      <Filter>Header Files</Filter>
    </ClInclude>
    <ClInclude Include="src\is_signed.hpp">
      <Filter>Header Files</Filter>
    </ClInclude>
    <ClInclude Include="src\is_small.hpp">
      <Filter>Header Files</Filter>
    </ClInclude>
    <ClInclude Include="src\is_sorted.hpp">
      <Filter>Header Files</Filter>
    </ClInclude>
    <ClInclude Include="src\is_void.hpp">
      <Filter>Header Files</Filter>
    </ClInclude>
    <ClInclude Include="src\it_swap.hpp">
      <Filter>Header Files</Filter>
    </ClInclude>
    <ClInclude Include="src\iterator.hpp">
      <Filter>Header Files</Filter>
    </ClInclude>
    <ClInclude Include="src\iterator_bi.hpp">
      <Filter>Header Files</Filter>
    </ClInclude>
    <ClInclude Include="src\iterator_ra.hpp">
      <Filter>Header Files</Filter>
    </ClInclude>
    <ClInclude Include="src\iterator_random_access.hpp">
      <Filter>Header Files</Filter>
    </ClInclude>
    <ClInclude Include="src\k_smallest.hpp">
      <Filter>Header Files</Filter>
    </ClInclude>
    <ClInclude Include="src\limit.hpp">
      <Filter>Header Files</Filter>
    </ClInclude>
    <ClInclude Include="src\linked_list.hpp">
      <Filter>Header Files</Filter>
    </ClInclude>
    <ClInclude Include="src\list.hpp">
      <Filter>Header Files</Filter>
    </ClInclude>
    <ClInclude Include="src\make_float.hpp">
      <Filter>Header Files</Filter>
    </ClInclude>
    <ClInclude Include="src\make_signed_integral.hpp">
      <Filter>Header Files</Filter>
    </ClInclude>
    <ClInclude Include="src\make_unsigned_integral.hpp">
      <Filter>Header Files</Filter>
    </ClInclude>
    <ClInclude Include="src\math_algorithm.hpp">
      <Filter>Header Files</Filter>
    </ClInclude>
    <ClInclude Include="src\matrix.hpp">
      <Filter>Header Files</Filter>
    </ClInclude>
    <ClInclude Include="src\max.hpp">
      <Filter>Header Files</Filter>
    </ClInclude>
    <ClInclude Include="src\max_element.hpp">
      <Filter>Header Files</Filter>
    </ClInclude>
    <ClInclude Include="src\memcopy.hpp">
      <Filter>Header Files</Filter>
    </ClInclude>
    <ClInclude Include="src\memzero.hpp">
      <Filter>Header Files</Filter>
    </ClInclude>
    <ClInclude Include="src\min.hpp">
      <Filter>Header Files</Filter>
    </ClInclude>
    <ClInclude Include="src\min_element.hpp">
      <Filter>Header Files</Filter>
    </ClInclude>
    <ClInclude Include="src\min_max.hpp">
      <Filter>Header Files</Filter>
    </ClInclude>
    <ClInclude Include="src\mismatch.hpp">
      <Filter>Header Files</Filter>
    </ClInclude>
    <ClInclude Include="src\movable.hpp">
      <Filter>Header Files</Filter>
    </ClInclude>
    <ClInclude Include="src\move.hpp">
      <Filter>Header Files</Filter>
    </ClInclude>
    <ClInclude Include="src\move_.hpp">
      <Filter>Header Files</Filter>
    </ClInclude>
    <ClInclude Include="src\move_assignable.hpp">
      <Filter>Header Files</Filter>
    </ClInclude>
    <ClInclude Include="src\move_backward.hpp">
      <Filter>Header Files</Filter>
    </ClInclude>
    <ClInclude Include="src\move_backward_n.hpp">
      <Filter>Header Files</Filter>
    </ClInclude>
    <ClInclude Include="src\move_n.hpp">
      <Filter>Header Files</Filter>
    </ClInclude>
    <ClInclude Include="src\next.hpp">
      <Filter>Header Files</Filter>
    </ClInclude>
    <ClInclude Include="src\none_of.hpp">
      <Filter>Header Files</Filter>
    </ClInclude>
    <ClInclude Include="src\number.hpp">
      <Filter>Header Files</Filter>
    </ClInclude>
    <ClInclude Include="src\number_signed.hpp">
      <Filter>Header Files</Filter>
    </ClInclude>
    <ClInclude Include="src\optional.hpp">
      <Filter>Header Files</Filter>
    </ClInclude>
    <ClInclude Include="src\ordered.hpp">
      <Filter>Header Files</Filter>
    </ClInclude>
    <ClInclude Include="src\output.hpp">
      <Filter>Header Files</Filter>
    </ClInclude>
    <ClInclude Include="src\output_basic.hpp">
      <Filter>Header Files</Filter>
    </ClInclude>
    <ClInclude Include="src\pair.hpp">
      <Filter>Header Files</Filter>
    </ClInclude>
    <ClInclude Include="src\palindrome.hpp">
      <Filter>Header Files</Filter>
    </ClInclude>
    <ClInclude Include="src\parser.hpp">
      <Filter>Header Files</Filter>
    </ClInclude>
    <ClInclude Include="src\pointer.hpp">
      <Filter>Header Files</Filter>
    </ClInclude>
    <ClInclude Include="src\prev.hpp">
      <Filter>Header Files</Filter>
    </ClInclude>
    <ClInclude Include="src\profiler.hpp">
      <Filter>Header Files</Filter>
    </ClInclude>
    <ClInclude Include="src\Q.hpp">
      <Filter>Header Files</Filter>
    </ClInclude>
    <ClInclude Include="src\range.hpp">
      <Filter>Header Files</Filter>
    </ClInclude>
    <ClInclude Include="src\reallocate.hpp">
      <Filter>Header Files</Filter>
    </ClInclude>
    <ClInclude Include="src\remove.hpp">
      <Filter>Header Files</Filter>
    </ClInclude>
    <ClInclude Include="src\remove_const.hpp">
      <Filter>Header Files</Filter>
    </ClInclude>
    <ClInclude Include="src\remove_cv.hpp">
      <Filter>Header Files</Filter>
    </ClInclude>
    <ClInclude Include="src\remove_if.hpp">
      <Filter>Header Files</Filter>
    </ClInclude>
    <ClInclude Include="src\remove_reference.hpp">
      <Filter>Header Files</Filter>
    </ClInclude>
    <ClInclude Include="src\remove_volatile.hpp">
      <Filter>Header Files</Filter>
    </ClInclude>
    <ClInclude Include="src\reverse.hpp">
      <Filter>Header Files</Filter>
    </ClInclude>
    <ClInclude Include="src\reverse_iterator.hpp">
      <Filter>Header Files</Filter>
    </ClInclude>
    <ClInclude Include="src\same.hpp">
      <Filter>Header Files</Filter>
    </ClInclude>
    <ClInclude Include="src\search.hpp">
      <Filter>Header Files</Filter>
    </ClInclude>
    <ClInclude Include="src\sentinel.hpp">
      <Filter>Header Files</Filter>
    </ClInclude>
    <ClInclude Include="src\serialize.hpp">
      <Filter>Header Files</Filter>
    </ClInclude>
    <ClInclude Include="src\span.hpp">
      <Filter>Header Files</Filter>
    </ClInclude>
    <ClInclude Include="src\swap.hpp">
      <Filter>Header Files</Filter>
    </ClInclude>
    <ClInclude Include="src\swap_ranges.hpp">
      <Filter>Header Files</Filter>
    </ClInclude>
    <ClInclude Include="src\swap_ranges_n.hpp">
      <Filter>Header Files</Filter>
    </ClInclude>
    <ClInclude Include="src\to_chars.hpp">
      <Filter>Header Files</Filter>
    </ClInclude>
    <ClInclude Include="src\u_copy.hpp">
      <Filter>Header Files</Filter>
    </ClInclude>
    <ClInclude Include="src\u_copy_backward.hpp">
      <Filter>Header Files</Filter>
    </ClInclude>
    <ClInclude Include="src\u_copy_backward_n.hpp">
      <Filter>Header Files</Filter>
    </ClInclude>
    <ClInclude Include="src\u_copy_n.hpp">
      <Filter>Header Files</Filter>
    </ClInclude>
    <ClInclude Include="src\u_fill.hpp">
      <Filter>Header Files</Filter>
    </ClInclude>
    <ClInclude Include="src\u_fill_n.hpp">
      <Filter>Header Files</Filter>
    </ClInclude>
    <ClInclude Include="src\u_generate.hpp">
      <Filter>Header Files</Filter>
    </ClInclude>
    <ClInclude Include="src\u_generate_n.hpp">
      <Filter>Header Files</Filter>
    </ClInclude>
    <ClInclude Include="src\u_move.hpp">
      <Filter>Header Files</Filter>
    </ClInclude>
    <ClInclude Include="src\u_move_backward.hpp">
      <Filter>Header Files</Filter>
    </ClInclude>
    <ClInclude Include="src\u_move_backward_n.hpp">
      <Filter>Header Files</Filter>
    </ClInclude>
    <ClInclude Include="src\u_move_n.hpp">
      <Filter>Header Files</Filter>
    </ClInclude>
    <ClInclude Include="src\void_t.hpp">
      <Filter>Header Files</Filter>
    </ClInclude>
    <ClInclude Include="src\void_v.hpp">
      <Filter>Header Files</Filter>
    </ClInclude>
    <ClInclude Include="src\word_size.hpp">
      <Filter>Header Files</Filter>
    </ClInclude>
    <ClInclude Include="src\Z.hpp">
      <Filter>Header Files</Filter>
    </ClInclude>
    <ClInclude Include="src\split.hpp">
      <Filter>Header Files</Filter>
    </ClInclude>
    <ClInclude Include="src\const_type.hpp">
      <Filter>Header Files</Filter>
    </ClInclude>
  </ItemGroup>
</Project>